
Microsoft Visual Studio Solution File, Format Version 12.00
# Visual Studio Version 16
VisualStudioVersion = 16.0.30114.105
MinimumVisualStudioVersion = 10.0.40219.1
Project("{F184B08F-C81C-45F6-A57F-5ABD9991F28F}") = "HeadCounter Client Win", "HeadCounter_Client_Win\HeadCounter Client Win.vbproj", "{038AA391-89E0-483C-90C3-200D113D6BDB}"
EndProject
Global
	GlobalSection(SolutionConfigurationPlatforms) = preSolution
		Debug|Any CPU = Debug|Any CPU
		Publish|Any CPU = Publish|Any CPU
	EndGlobalSection
	GlobalSection(ProjectConfigurationPlatforms) = postSolution
		{038AA391-89E0-483C-90C3-200D113D6BDB}.Debug|Any CPU.ActiveCfg = Debug|Any CPU
		{038AA391-89E0-483C-90C3-200D113D6BDB}.Debug|Any CPU.Build.0 = Debug|Any CPU
		{038AA391-89E0-483C-90C3-200D113D6BDB}.Publish|Any CPU.ActiveCfg = Publish|Any CPU
		{038AA391-89E0-483C-90C3-200D113D6BDB}.Publish|Any CPU.Build.0 = Publish|Any CPU
	EndGlobalSection
	GlobalSection(SolutionProperties) = preSolution
		HideSolutionNode = FALSE
	EndGlobalSection
	GlobalSection(ExtensibilityGlobals) = postSolution
		SolutionGuid = {1F00A570-05CF-4745-8B31-C340B7BC8845}
	EndGlobalSection
EndGlobal
